Microsoft Visual Studio Solution File, Format Version 12.00
# Visual Studio 2012
Project("{FAE04EC0-301F-11D3-BF4B-00C04F79EFBC}") = "NWAT_SS_165 (deprecated)", "NWAT_SS16_WINDOWS_FORMS(deprecated)\NWAT_SS_165 (deprecated).csproj", "{1CC299A8-6F2C-400F-B25C-8DA104E7C484}"
EndProject
Project("{FAE04EC0-301F-11D3-BF4B-00C04F79EFBC}") = "NWAT_SS16", "NWAT_SS16_WPF\NWAT_SS16.csproj", "{3528A3AF-0C0C-4005-8FEF-9185F3003C46}"
EndProject
Global
	GlobalSection(SolutionConfigurationPlatforms) = preSolution
		Commercial|Any CPU = Commercial|Any CPU
		Commercial|AnyCPU = Commercial|AnyCPU
		Commercial|ARM = Commercial|ARM
		Commercial|Mixed Platforms = Commercial|Mixed Platforms
		Commercial|x64 = Commercial|x64
		Commercial|x86 = Commercial|x86
		Debug|Any CPU = Debug|Any CPU
		Debug|AnyCPU = Debug|AnyCPU
		Debug|ARM = Debug|ARM
		Debug|Mixed Platforms = Debug|Mixed Platforms
		Debug|x64 = Debug|x64
		Debug|x86 = Debug|x86
		Debug-2.0|Any CPU = Debug-2.0|Any CPU
		Debug-2.0|AnyCPU = Debug-2.0|AnyCPU
		Debug-2.0|ARM = Debug-2.0|ARM
		Debug-2.0|Mixed Platforms = Debug-2.0|Mixed Platforms
		Debug-2.0|x64 = Debug-2.0|x64
		Debug-2.0|x86 = Debug-2.0|x86
		DebugEF6|Any CPU = DebugEF6|Any CPU
		DebugEF6|AnyCPU = DebugEF6|AnyCPU
		DebugEF6|ARM = DebugEF6|ARM
		DebugEF6|Mixed Platforms = DebugEF6|Mixed Platforms
		DebugEF6|x64 = DebugEF6|x64
		DebugEF6|x86 = DebugEF6|x86
		GPL|Any CPU = GPL|Any CPU
		GPL|AnyCPU = GPL|AnyCPU
		GPL|ARM = GPL|ARM
		GPL|Mixed Platforms = GPL|Mixed Platforms
		GPL|x64 = GPL|x64
		GPL|x86 = GPL|x86
		Release|Any CPU = Release|Any CPU
		Release|AnyCPU = Release|AnyCPU
		Release|ARM = Release|ARM
		Release|Mixed Platforms = Release|Mixed Platforms
		Release|x64 = Release|x64
		Release|x86 = Release|x86
		ReleaseEF6|Any CPU = ReleaseEF6|Any CPU
		ReleaseEF6|AnyCPU = ReleaseEF6|AnyCPU
		ReleaseEF6|ARM = ReleaseEF6|ARM
		ReleaseEF6|Mixed Platforms = ReleaseEF6|Mixed Platforms
		ReleaseEF6|x64 = ReleaseEF6|x64
		ReleaseEF6|x86 = ReleaseEF6|x86
	EndGlobalSection
	GlobalSection(ProjectConfigurationPlatforms) = postSolution
		{1CC299A8-6F2C-400F-B25C-8DA104E7C484}.Commercial|Any CPU.ActiveCfg = Release|Any CPU
		{1CC299A8-6F2C-400F-B25C-8DA104E7C484}.Commercial|Any CPU.Build.0 = Release|Any CPU
		{1CC299A8-6F2C-400F-B25C-8DA104E7C484}.Commercial|AnyCPU.ActiveCfg = Release|Any CPU
		{1CC299A8-6F2C-400F-B25C-8DA104E7C484}.Commercial|AnyCPU.Build.0 = Release|Any CPU
		{1CC299A8-6F2C-400F-B25C-8DA104E7C484}.Commercial|ARM.ActiveCfg = Release|Any CPU
		{1CC299A8-6F2C-400F-B25C-8DA104E7C484}.Commercial|Mixed Platforms.ActiveCfg = Release|Any CPU
		{1CC299A8-6F2C-400F-B25C-8DA104E7C484}.Commercial|Mixed Platforms.Build.0 = Release|Any CPU
		{1CC299A8-6F2C-400F-B25C-8DA104E7C484}.Commercial|x64.ActiveCfg = Release|Any CPU
		{1CC299A8-6F2C-400F-B25C-8DA104E7C484}.Commercial|x86.ActiveCfg = Release|Any CPU
		{1CC299A8-6F2C-400F-B25C-8DA104E7C484}.Debug|Any CPU.ActiveCfg = Debug|Any CPU
		{1CC299A8-6F2C-400F-B25C-8DA104E7C484}.Debug|Any CPU.Build.0 = Debug|Any CPU
		{1CC299A8-6F2C-400F-B25C-8DA104E7C484}.Debug|AnyCPU.ActiveCfg = Debug|Any CPU
		{1CC299A8-6F2C-400F-B25C-8DA104E7C484}.Debug|AnyCPU.Build.0 = Debug|Any CPU
		{1CC299A8-6F2C-400F-B25C-8DA104E7C484}.Debug|ARM.ActiveCfg = Debug|Any CPU
		{1CC299A8-6F2C-400F-B25C-8DA104E7C484}.Debug|Mixed Platforms.ActiveCfg = Debug|Any CPU
		{1CC299A8-6F2C-400F-B25C-8DA104E7C484}.Debug|Mixed Platforms.Build.0 = Debug|Any CPU
		{1CC299A8-6F2C-400F-B25C-8DA104E7C484}.Debug|x64.ActiveCfg = Debug|Any CPU
		{1CC299A8-6F2C-400F-B25C-8DA104E7C484}.Debug|x86.ActiveCfg = Debug|Any CPU
		{1CC299A8-6F2C-400F-B25C-8DA104E7C484}.Debug-2.0|Any CPU.ActiveCfg = Debug|Any CPU
		{1CC299A8-6F2C-400F-B25C-8DA104E7C484}.Debug-2.0|Any CPU.Build.0 = Debug|Any CPU
		{1CC299A8-6F2C-400F-B25C-8DA104E7C484}.Debug-2.0|AnyCPU.ActiveCfg = Debug|Any CPU
		{1CC299A8-6F2C-400F-B25C-8DA104E7C484}.Debug-2.0|AnyCPU.Build.0 = Debug|Any CPU
		{1CC299A8-6F2C-400F-B25C-8DA104E7C484}.Debug-2.0|ARM.ActiveCfg = Debug|Any CPU
		{1CC299A8-6F2C-400F-B25C-8DA104E7C484}.Debug-2.0|Mixed Platforms.ActiveCfg = Debug|Any CPU
		{1CC299A8-6F2C-400F-B25C-8DA104E7C484}.Debug-2.0|Mixed Platforms.Build.0 = Debug|Any CPU
		{1CC299A8-6F2C-400F-B25C-8DA104E7C484}.Debug-2.0|x64.ActiveCfg = Debug|Any CPU
		{1CC299A8-6F2C-400F-B25C-8DA104E7C484}.Debug-2.0|x86.ActiveCfg = Debug|Any CPU
		{1CC299A8-6F2C-400F-B25C-8DA104E7C484}.DebugEF6|Any CPU.ActiveCfg = Debug|Any CPU
		{1CC299A8-6F2C-400F-B25C-8DA104E7C484}.DebugEF6|Any CPU.Build.0 = Debug|Any CPU
		{1CC299A8-6F2C-400F-B25C-8DA104E7C484}.DebugEF6|AnyCPU.ActiveCfg = Debug|Any CPU
		{1CC299A8-6F2C-400F-B25C-8DA104E7C484}.DebugEF6|AnyCPU.Build.0 = Debug|Any CPU
		{1CC299A8-6F2C-400F-B25C-8DA104E7C484}.DebugEF6|ARM.ActiveCfg = Debug|Any CPU
		{1CC299A8-6F2C-400F-B25C-8DA104E7C484}.DebugEF6|Mixed Platforms.ActiveCfg = Debug|Any CPU
		{1CC299A8-6F2C-400F-B25C-8DA104E7C484}.DebugEF6|Mixed Platforms.Build.0 = Debug|Any CPU
		{1CC299A8-6F2C-400F-B25C-8DA104E7C484}.DebugEF6|x64.ActiveCfg = Debug|Any CPU
		{1CC299A8-6F2C-400F-B25C-8DA104E7C484}.DebugEF6|x86.ActiveCfg = Debug|Any CPU
		{1CC299A8-6F2C-400F-B25C-8DA104E7C484}.GPL|Any CPU.ActiveCfg = Release|Any CPU
		{1CC299A8-6F2C-400F-B25C-8DA104E7C484}.GPL|Any CPU.Build.0 = Release|Any CPU
		{1CC299A8-6F2C-400F-B25C-8DA104E7C484}.GPL|AnyCPU.ActiveCfg = Release|Any CPU
		{1CC299A8-6F2C-400F-B25C-8DA104E7C484}.GPL|AnyCPU.Build.0 = Release|Any CPU
		{1CC299A8-6F2C-400F-B25C-8DA104E7C484}.GPL|ARM.ActiveCfg = Release|Any CPU
		{1CC299A8-6F2C-400F-B25C-8DA104E7C484}.GPL|Mixed Platforms.ActiveCfg = Release|Any CPU
		{1CC299A8-6F2C-400F-B25C-8DA104E7C484}.GPL|Mixed Platforms.Build.0 = Release|Any CPU
		{1CC299A8-6F2C-400F-B25C-8DA104E7C484}.GPL|x64.ActiveCfg = Release|Any CPU
		{1CC299A8-6F2C-400F-B25C-8DA104E7C484}.GPL|x86.ActiveCfg = Release|Any CPU
		{1CC299A8-6F2C-400F-B25C-8DA104E7C484}.Release|Any CPU.ActiveCfg = Release|Any CPU
		{1CC299A8-6F2C-400F-B25C-8DA104E7C484}.Release|Any CPU.Build.0 = Release|Any CPU
		{1CC299A8-6F2C-400F-B25C-8DA104E7C484}.Release|AnyCPU.ActiveCfg = Release|Any CPU
		{1CC299A8-6F2C-400F-B25C-8DA104E7C484}.Release|AnyCPU.Build.0 = Release|Any CPU
		{1CC299A8-6F2C-400F-B25C-8DA104E7C484}.Release|ARM.ActiveCfg = Release|Any CPU
		{1CC299A8-6F2C-400F-B25C-8DA104E7C484}.Release|Mixed Platforms.ActiveCfg = Release|Any CPU
		{1CC299A8-6F2C-400F-B25C-8DA104E7C484}.Release|Mixed Platforms.Build.0 = Release|Any CPU
		{1CC299A8-6F2C-400F-B25C-8DA104E7C484}.Release|x64.ActiveCfg = Release|Any CPU
		{1CC299A8-6F2C-400F-B25C-8DA104E7C484}.Release|x86.ActiveCfg = Release|Any CPU
		{1CC299A8-6F2C-400F-B25C-8DA104E7C484}.ReleaseEF6|Any CPU.ActiveCfg = Release|Any CPU
		{1CC299A8-6F2C-400F-B25C-8DA104E7C484}.ReleaseEF6|Any CPU.Build.0 = Release|Any CPU
		{1CC299A8-6F2C-400F-B25C-8DA104E7C484}.ReleaseEF6|AnyCPU.ActiveCfg = Release|Any CPU
		{1CC299A8-6F2C-400F-B25C-8DA104E7C484}.ReleaseEF6|AnyCPU.Build.0 = Release|Any CPU
		{1CC299A8-6F2C-400F-B25C-8DA104E7C484}.ReleaseEF6|ARM.ActiveCfg = Release|Any CPU
		{1CC299A8-6F2C-400F-B25C-8DA104E7C484}.ReleaseEF6|Mixed Platforms.ActiveCfg = Release|Any CPU
		{1CC299A8-6F2C-400F-B25C-8DA104E7C484}.ReleaseEF6|Mixed Platforms.Build.0 = Release|Any CPU
		{1CC299A8-6F2C-400F-B25C-8DA104E7C484}.ReleaseEF6|x64.ActiveCfg = Release|Any CPU
		{1CC299A8-6F2C-400F-B25C-8DA104E7C484}.ReleaseEF6|x86.ActiveCfg = Release|Any CPU
		{3528A3AF-0C0C-4005-8FEF-9185F3003C46}.Commercial|Any CPU.ActiveCfg = Release|Any CPU
		{3528A3AF-0C0C-4005-8FEF-9185F3003C46}.Commercial|Any CPU.Build.0 = Release|Any CPU
		{3528A3AF-0C0C-4005-8FEF-9185F3003C46}.Commercial|AnyCPU.ActiveCfg = Release|Any CPU
		{3528A3AF-0C0C-4005-8FEF-9185F3003C46}.Commercial|AnyCPU.Build.0 = Release|Any CPU
		{3528A3AF-0C0C-4005-8FEF-9185F3003C46}.Commercial|ARM.ActiveCfg = Release|Any CPU
		{3528A3AF-0C0C-4005-8FEF-9185F3003C46}.Commercial|Mixed Platforms.ActiveCfg = Release|Any CPU
		{3528A3AF-0C0C-4005-8FEF-9185F3003C46}.Commercial|Mixed Platforms.Build.0 = Release|Any CPU
		{3528A3AF-0C0C-4005-8FEF-9185F3003C46}.Commercial|x64.ActiveCfg = Release|Any CPU
		{3528A3AF-0C0C-4005-8FEF-9185F3003C46}.Commercial|x86.ActiveCfg = Release|Any CPU
		{3528A3AF-0C0C-4005-8FEF-9185F3003C46}.Debug|Any CPU.ActiveCfg = Debug|Any CPU
		{3528A3AF-0C0C-4005-8FEF-9185F3003C46}.Debug|Any CPU.Build.0 = Debug|Any CPU
		{3528A3AF-0C0C-4005-8FEF-9185F3003C46}.Debug|AnyCPU.ActiveCfg = Debug|Any CPU
		{3528A3AF-0C0C-4005-8FEF-9185F3003C46}.Debug|AnyCPU.Build.0 = Debug|Any CPU
		{3528A3AF-0C0C-4005-8FEF-9185F3003C46}.Debug|ARM.ActiveCfg = Debug|Any CPU
		{3528A3AF-0C0C-4005-8FEF-9185F3003C46}.Debug|Mixed Platforms.ActiveCfg = Debug|Any CPU
		{3528A3AF-0C0C-4005-8FEF-9185F3003C46}.Debug|Mixed Platforms.Build.0 = Debug|Any CPU
		{3528A3AF-0C0C-4005-8FEF-9185F3003C46}.Debug|x64.ActiveCfg = Debug|Any CPU
		{3528A3AF-0C0C-4005-8FEF-9185F3003C46}.Debug|x86.ActiveCfg = Debug|Any CPU
		{3528A3AF-0C0C-4005-8FEF-9185F3003C46}.Debug-2.0|Any CPU.ActiveCfg = Debug|Any CPU
		{3528A3AF-0C0C-4005-8FEF-9185F3003C46}.Debug-2.0|Any CPU.Build.0 = Debug|Any CPU
		{3528A3AF-0C0C-4005-8FEF-9185F3003C46}.Debug-2.0|AnyCPU.ActiveCfg = Debug|Any CPU
		{3528A3AF-0C0C-4005-8FEF-9185F3003C46}.Debug-2.0|AnyCPU.Build.0 = Debug|Any CPU
		{3528A3AF-0C0C-4005-8FEF-9185F3003C46}.Debug-2.0|ARM.ActiveCfg = Debug|Any CPU
		{3528A3AF-0C0C-4005-8FEF-9185F3003C46}.Debug-2.0|Mixed Platforms.ActiveCfg = Debug|Any CPU
		{3528A3AF-0C0C-4005-8FEF-9185F3003C46}.Debug-2.0|Mixed Platforms.Build.0 = Debug|Any CPU
		{3528A3AF-0C0C-4005-8FEF-9185F3003C46}.Debug-2.0|x64.ActiveCfg = Debug|Any CPU
		{3528A3AF-0C0C-4005-8FEF-9185F3003C46}.Debug-2.0|x86.ActiveCfg = Debug|Any CPU
		{3528A3AF-0C0C-4005-8FEF-9185F3003C46}.DebugEF6|Any CPU.ActiveCfg = Debug|Any CPU
		{3528A3AF-0C0C-4005-8FEF-9185F3003C46}.DebugEF6|Any CPU.Build.0 = Debug|Any CPU
		{3528A3AF-0C0C-4005-8FEF-9185F3003C46}.DebugEF6|AnyCPU.ActiveCfg = Debug|Any CPU
		{3528A3AF-0C0C-4005-8FEF-9185F3003C46}.DebugEF6|AnyCPU.Build.0 = Debug|Any CPU
		{3528A3AF-0C0C-4005-8FEF-9185F3003C46}.DebugEF6|ARM.ActiveCfg = Debug|Any CPU
		{3528A3AF-0C0C-4005-8FEF-9185F3003C46}.DebugEF6|Mixed Platforms.ActiveCfg = Debug|Any CPU
		{3528A3AF-0C0C-4005-8FEF-9185F3003C46}.DebugEF6|Mixed Platforms.Build.0 = Debug|Any CPU
		{3528A3AF-0C0C-4005-8FEF-9185F3003C46}.DebugEF6|x64.ActiveCfg = Debug|Any CPU
		{3528A3AF-0C0C-4005-8FEF-9185F3003C46}.DebugEF6|x86.ActiveCfg = Debug|Any CPU
		{3528A3AF-0C0C-4005-8FEF-9185F3003C46}.GPL|Any CPU.ActiveCfg = Release|Any CPU
		{3528A3AF-0C0C-4005-8FEF-9185F3003C46}.GPL|Any CPU.Build.0 = Release|Any CPU
		{3528A3AF-0C0C-4005-8FEF-9185F3003C46}.GPL|AnyCPU.ActiveCfg = Release|Any CPU
		{3528A3AF-0C0C-4005-8FEF-9185F3003C46}.GPL|AnyCPU.Build.0 = Release|Any CPU
		{3528A3AF-0C0C-4005-8FEF-9185F3003C46}.GPL|ARM.ActiveCfg = Release|Any CPU
		{3528A3AF-0C0C-4005-8FEF-9185F3003C46}.GPL|Mixed Platforms.ActiveCfg = Release|Any CPU
		{3528A3AF-0C0C-4005-8FEF-9185F3003C46}.GPL|Mixed Platforms.Build.0 = Release|Any CPU
		{3528A3AF-0C0C-4005-8FEF-9185F3003C46}.GPL|x64.ActiveCfg = Release|Any CPU
		{3528A3AF-0C0C-4005-8FEF-9185F3003C46}.GPL|x86.ActiveCfg = Release|Any CPU
		{3528A3AF-0C0C-4005-8FEF-9185F3003C46}.Release|Any CPU.ActiveCfg = Release|Any CPU
		{3528A3AF-0C0C-4005-8FEF-9185F3003C46}.Release|Any CPU.Build.0 = Release|Any CPU
		{3528A3AF-0C0C-4005-8FEF-9185F3003C46}.Release|AnyCPU.ActiveCfg = Release|Any CPU
		{3528A3AF-0C0C-4005-8FEF-9185F3003C46}.Release|AnyCPU.Build.0 = Release|Any CPU
		{3528A3AF-0C0C-4005-8FEF-9185F3003C46}.Release|ARM.ActiveCfg = Release|Any CPU
		{3528A3AF-0C0C-4005-8FEF-9185F3003C46}.Release|Mixed Platforms.ActiveCfg = Release|Any CPU
		{3528A3AF-0C0C-4005-8FEF-9185F3003C46}.Release|Mixed Platforms.Build.0 = Release|Any CPU
		{3528A3AF-0C0C-4005-8FEF-9185F3003C46}.Release|x64.ActiveCfg = Release|Any CPU
		{3528A3AF-0C0C-4005-8FEF-9185F3003C46}.Release|x86.ActiveCfg = Release|Any CPU
		{3528A3AF-0C0C-4005-8FEF-9185F3003C46}.ReleaseEF6|Any CPU.ActiveCfg = Release|Any CPU
		{3528A3AF-0C0C-4005-8FEF-9185F3003C46}.ReleaseEF6|Any CPU.Build.0 = Release|Any CPU
		{3528A3AF-0C0C-4005-8FEF-9185F3003C46}.ReleaseEF6|AnyCPU.ActiveCfg = Release|Any CPU
		{3528A3AF-0C0C-4005-8FEF-9185F3003C46}.ReleaseEF6|AnyCPU.Build.0 = Release|Any CPU
		{3528A3AF-0C0C-4005-8FEF-9185F3003C46}.ReleaseEF6|ARM.ActiveCfg = Release|Any CPU
		{3528A3AF-0C0C-4005-8FEF-9185F3003C46}.ReleaseEF6|Mixed Platforms.ActiveCfg = Release|Any CPU
		{3528A3AF-0C0C-4005-8FEF-9185F3003C46}.ReleaseEF6|Mixed Platforms.Build.0 = Release|Any CPU
		{3528A3AF-0C0C-4005-8FEF-9185F3003C46}.ReleaseEF6|x64.ActiveCfg = Release|Any CPU
		{3528A3AF-0C0C-4005-8FEF-9185F3003C46}.ReleaseEF6|x86.ActiveCfg = Release|Any CPU
	EndGlobalSection
	GlobalSection(SolutionProperties) = preSolution
		HideSolutionNode = FALSE
	EndGlobalSection
EndGlobal
